
Microsoft Visual Studio Solution File, Format Version 12.00
# Visual Studio 14
VisualStudioVersion = 14.0.25123.0
MinimumVisualStudioVersion = 10.0.40219.1
Project("{FAE04EC0-301F-11D3-BF4B-00C04F79EFBC}") = "Microsat", "Microsat\Microsat.csproj", "{E2DE9A37-1DC0-4584-934E-298E478BBA37}"
	ProjectSection(ProjectDependencies) = postProject
		{6598A7CD-8F27-4D3F-A675-5AE63113A7C3} = {6598A7CD-8F27-4D3F-A675-5AE63113A7C3}
	EndProjectSection
EndProject
Project("{FAE04EC0-301F-11D3-BF4B-00C04F79EFBC}") = "Microsat.BackgroundTasks", "BackgroundTasks\Microsat.BackgroundTasks.csproj", "{7C71EE24-102B-4C5C-B2B9-50448A6C8759}"
EndProject
Project("{FAE04EC0-301F-11D3-BF4B-00C04F79EFBC}") = "Microsat.Shared", "Microsat.Shared\Microsat.Shared.csproj", "{D50D843F-DE1C-4B12-AFA1-F6923E405DD0}"
EndProject
Project("{FAE04EC0-301F-11D3-BF4B-00C04F79EFBC}") = "Microsat.DB", "Microsat.DB\Microsat.DB.csproj", "{A2A06B38-E935-4B8E-A208-30D07AD28C8F}"
EndProject
Project("{FAE04EC0-301F-11D3-BF4B-00C04F79EFBC}") = "Microsat.SpecProc", "Microsat.SpecProc\Microsat.SpecProc.csproj", "{2C6C274A-11FE-4E51-975B-32B01A89E787}"
EndProject
Project("{FAE04EC0-301F-11D3-BF4B-00C04F79EFBC}") = "WFTools3D", "..\WFTools3D\WFTools3D\WFTools3D.csproj", "{4F58D960-50F3-434F-B2B0-C9ED67151485}"
EndProject
Project("{FAE04EC0-301F-11D3-BF4B-00C04F79EFBC}") = "TestSpecProc", "TestSpecProc\TestSpecProc.csproj", "{0C855993-C125-4924-8ACB-D0021AB44EE6}"
EndProject
Project("{FAE04EC0-301F-11D3-BF4B-00C04F79EFBC}") = "FreeImageDotNet", "..\FreeImage.NET\Library\FreeImageDotNet.csproj", "{6598A7CD-8F27-4D3F-A675-5AE63113A7C3}"
EndProject
Global
	GlobalSection(SolutionConfigurationPlatforms) = preSolution
		Debug|Any CPU = Debug|Any CPU
		Debug|ARM = Debug|ARM
		Debug|x64 = Debug|x64
		Debug|x86 = Debug|x86
		DebugAOT|Any CPU = DebugAOT|Any CPU
		DebugAOT|ARM = DebugAOT|ARM
		DebugAOT|x64 = DebugAOT|x64
		DebugAOT|x86 = DebugAOT|x86
		Release|Any CPU = Release|Any CPU
		Release|ARM = Release|ARM
		Release|x64 = Release|x64
		Release|x86 = Release|x86
		ReleaseAOT|Any CPU = ReleaseAOT|Any CPU
		ReleaseAOT|ARM = ReleaseAOT|ARM
		ReleaseAOT|x64 = ReleaseAOT|x64
		ReleaseAOT|x86 = ReleaseAOT|x86
	EndGlobalSection
	GlobalSection(ProjectConfigurationPlatforms) = postSolution
		{E2DE9A37-1DC0-4584-934E-298E478BBA37}.Debug|Any CPU.ActiveCfg = Debug|Any CPU
		{E2DE9A37-1DC0-4584-934E-298E478BBA37}.Debug|Any CPU.Build.0 = Debug|Any CPU
		{E2DE9A37-1DC0-4584-934E-298E478BBA37}.Debug|ARM.ActiveCfg = Debug|Any CPU
		{E2DE9A37-1DC0-4584-934E-298E478BBA37}.Debug|ARM.Build.0 = Debug|Any CPU
		{E2DE9A37-1DC0-4584-934E-298E478BBA37}.Debug|x64.ActiveCfg = Debug|x64
		{E2DE9A37-1DC0-4584-934E-298E478BBA37}.Debug|x64.Build.0 = Debug|x64
		{E2DE9A37-1DC0-4584-934E-298E478BBA37}.Debug|x86.ActiveCfg = Debug|x86
		{E2DE9A37-1DC0-4584-934E-298E478BBA37}.Debug|x86.Build.0 = Debug|x86
		{E2DE9A37-1DC0-4584-934E-298E478BBA37}.DebugAOT|Any CPU.ActiveCfg = Debug|Any CPU
		{E2DE9A37-1DC0-4584-934E-298E478BBA37}.DebugAOT|Any CPU.Build.0 = Debug|Any CPU
		{E2DE9A37-1DC0-4584-934E-298E478BBA37}.DebugAOT|ARM.ActiveCfg = Debug|Any CPU
		{E2DE9A37-1DC0-4584-934E-298E478BBA37}.DebugAOT|ARM.Build.0 = Debug|Any CPU
		{E2DE9A37-1DC0-4584-934E-298E478BBA37}.DebugAOT|x64.ActiveCfg = Debug|x64
		{E2DE9A37-1DC0-4584-934E-298E478BBA37}.DebugAOT|x64.Build.0 = Debug|x64
		{E2DE9A37-1DC0-4584-934E-298E478BBA37}.DebugAOT|x86.ActiveCfg = Debug|x86
		{E2DE9A37-1DC0-4584-934E-298E478BBA37}.DebugAOT|x86.Build.0 = Debug|x86
		{E2DE9A37-1DC0-4584-934E-298E478BBA37}.Release|Any CPU.ActiveCfg = Release|Any CPU
		{E2DE9A37-1DC0-4584-934E-298E478BBA37}.Release|Any CPU.Build.0 = Release|Any CPU
		{E2DE9A37-1DC0-4584-934E-298E478BBA37}.Release|ARM.ActiveCfg = Release|Any CPU
		{E2DE9A37-1DC0-4584-934E-298E478BBA37}.Release|ARM.Build.0 = Release|Any CPU
		{E2DE9A37-1DC0-4584-934E-298E478BBA37}.Release|x64.ActiveCfg = Release|x64
		{E2DE9A37-1DC0-4584-934E-298E478BBA37}.Release|x64.Build.0 = Release|x64
		{E2DE9A37-1DC0-4584-934E-298E478BBA37}.Release|x86.ActiveCfg = Release|x86
		{E2DE9A37-1DC0-4584-934E-298E478BBA37}.Release|x86.Build.0 = Release|x86
		{E2DE9A37-1DC0-4584-934E-298E478BBA37}.ReleaseAOT|Any CPU.ActiveCfg = Release|Any CPU
		{E2DE9A37-1DC0-4584-934E-298E478BBA37}.ReleaseAOT|Any CPU.Build.0 = Release|Any CPU
		{E2DE9A37-1DC0-4584-934E-298E478BBA37}.ReleaseAOT|ARM.ActiveCfg = Release|Any CPU
		{E2DE9A37-1DC0-4584-934E-298E478BBA37}.ReleaseAOT|ARM.Build.0 = Release|Any CPU
		{E2DE9A37-1DC0-4584-934E-298E478BBA37}.ReleaseAOT|x64.ActiveCfg = Release|x64
		{E2DE9A37-1DC0-4584-934E-298E478BBA37}.ReleaseAOT|x64.Build.0 = Release|x64
		{E2DE9A37-1DC0-4584-934E-298E478BBA37}.ReleaseAOT|x86.ActiveCfg = Release|x86
		{E2DE9A37-1DC0-4584-934E-298E478BBA37}.ReleaseAOT|x86.Build.0 = Release|x86
		{7C71EE24-102B-4C5C-B2B9-50448A6C8759}.Debug|Any CPU.ActiveCfg = Debug|Any CPU
		{7C71EE24-102B-4C5C-B2B9-50448A6C8759}.Debug|Any CPU.Build.0 = Debug|Any CPU
		{7C71EE24-102B-4C5C-B2B9-50448A6C8759}.Debug|ARM.ActiveCfg = Debug|Any CPU
		{7C71EE24-102B-4C5C-B2B9-50448A6C8759}.Debug|ARM.Build.0 = Debug|Any CPU
		{7C71EE24-102B-4C5C-B2B9-50448A6C8759}.Debug|x64.ActiveCfg = Debug|x64
		{7C71EE24-102B-4C5C-B2B9-50448A6C8759}.Debug|x64.Build.0 = Debug|x64
		{7C71EE24-102B-4C5C-B2B9-50448A6C8759}.Debug|x86.ActiveCfg = Debug|x86
		{7C71EE24-102B-4C5C-B2B9-50448A6C8759}.Debug|x86.Build.0 = Debug|x86
		{7C71EE24-102B-4C5C-B2B9-50448A6C8759}.DebugAOT|Any CPU.ActiveCfg = Debug|Any CPU
		{7C71EE24-102B-4C5C-B2B9-50448A6C8759}.DebugAOT|Any CPU.Build.0 = Debug|Any CPU
		{7C71EE24-102B-4C5C-B2B9-50448A6C8759}.DebugAOT|ARM.ActiveCfg = Debug|Any CPU
		{7C71EE24-102B-4C5C-B2B9-50448A6C8759}.DebugAOT|ARM.Build.0 = Debug|Any CPU
		{7C71EE24-102B-4C5C-B2B9-50448A6C8759}.DebugAOT|x64.ActiveCfg = Debug|x64
		{7C71EE24-102B-4C5C-B2B9-50448A6C8759}.DebugAOT|x64.Build.0 = Debug|x64
		{7C71EE24-102B-4C5C-B2B9-50448A6C8759}.DebugAOT|x86.ActiveCfg = Debug|x86
		{7C71EE24-102B-4C5C-B2B9-50448A6C8759}.DebugAOT|x86.Build.0 = Debug|x86
		{7C71EE24-102B-4C5C-B2B9-50448A6C8759}.Release|Any CPU.ActiveCfg = Release|Any CPU
		{7C71EE24-102B-4C5C-B2B9-50448A6C8759}.Release|Any CPU.Build.0 = Release|Any CPU
		{7C71EE24-102B-4C5C-B2B9-50448A6C8759}.Release|ARM.ActiveCfg = Release|Any CPU
		{7C71EE24-102B-4C5C-B2B9-50448A6C8759}.Release|ARM.Build.0 = Release|Any CPU
		{7C71EE24-102B-4C5C-B2B9-50448A6C8759}.Release|x64.ActiveCfg = Release|x64
		{7C71EE24-102B-4C5C-B2B9-50448A6C8759}.Release|x64.Build.0 = Release|x64
		{7C71EE24-102B-4C5C-B2B9-50448A6C8759}.Release|x86.ActiveCfg = Release|x86
		{7C71EE24-102B-4C5C-B2B9-50448A6C8759}.Release|x86.Build.0 = Release|x86
		{7C71EE24-102B-4C5C-B2B9-50448A6C8759}.ReleaseAOT|Any CPU.ActiveCfg = Release|Any CPU
		{7C71EE24-102B-4C5C-B2B9-50448A6C8759}.ReleaseAOT|Any CPU.Build.0 = Release|Any CPU
		{7C71EE24-102B-4C5C-B2B9-50448A6C8759}.ReleaseAOT|ARM.ActiveCfg = Release|Any CPU
		{7C71EE24-102B-4C5C-B2B9-50448A6C8759}.ReleaseAOT|ARM.Build.0 = Release|Any CPU
		{7C71EE24-102B-4C5C-B2B9-50448A6C8759}.ReleaseAOT|x64.ActiveCfg = Release|x64
		{7C71EE24-102B-4C5C-B2B9-50448A6C8759}.ReleaseAOT|x64.Build.0 = Release|x64
		{7C71EE24-102B-4C5C-B2B9-50448A6C8759}.ReleaseAOT|x86.ActiveCfg = Release|x86
		{7C71EE24-102B-4C5C-B2B9-50448A6C8759}.ReleaseAOT|x86.Build.0 = Release|x86
		{D50D843F-DE1C-4B12-AFA1-F6923E405DD0}.Debug|Any CPU.ActiveCfg = Debug|Any CPU
		{D50D843F-DE1C-4B12-AFA1-F6923E405DD0}.Debug|Any CPU.Build.0 = Debug|Any CPU
		{D50D843F-DE1C-4B12-AFA1-F6923E405DD0}.Debug|ARM.ActiveCfg = Debug|Any CPU
		{D50D843F-DE1C-4B12-AFA1-F6923E405DD0}.Debug|ARM.Build.0 = Debug|Any CPU
		{D50D843F-DE1C-4B12-AFA1-F6923E405DD0}.Debug|x64.ActiveCfg = Debug|x64
		{D50D843F-DE1C-4B12-AFA1-F6923E405DD0}.Debug|x64.Build.0 = Debug|x64
		{D50D843F-DE1C-4B12-AFA1-F6923E405DD0}.Debug|x86.ActiveCfg = Debug|x86
		{D50D843F-DE1C-4B12-AFA1-F6923E405DD0}.Debug|x86.Build.0 = Debug|x86
		{D50D843F-DE1C-4B12-AFA1-F6923E405DD0}.DebugAOT|Any CPU.ActiveCfg = Debug|Any CPU
		{D50D843F-DE1C-4B12-AFA1-F6923E405DD0}.DebugAOT|Any CPU.Build.0 = Debug|Any CPU
		{D50D843F-DE1C-4B12-AFA1-F6923E405DD0}.DebugAOT|ARM.ActiveCfg = Debug|Any CPU
		{D50D843F-DE1C-4B12-AFA1-F6923E405DD0}.DebugAOT|ARM.Build.0 = Debug|Any CPU
		{D50D843F-DE1C-4B12-AFA1-F6923E405DD0}.DebugAOT|x64.ActiveCfg = Debug|x64
		{D50D843F-DE1C-4B12-AFA1-F6923E405DD0}.DebugAOT|x64.Build.0 = Debug|x64
		{D50D843F-DE1C-4B12-AFA1-F6923E405DD0}.DebugAOT|x86.ActiveCfg = Debug|x86
		{D50D843F-DE1C-4B12-AFA1-F6923E405DD0}.DebugAOT|x86.Build.0 = Debug|x86
		{D50D843F-DE1C-4B12-AFA1-F6923E405DD0}.Release|Any CPU.ActiveCfg = Release|Any CPU
		{D50D843F-DE1C-4B12-AFA1-F6923E405DD0}.Release|Any CPU.Build.0 = Release|Any CPU
		{D50D843F-DE1C-4B12-AFA1-F6923E405DD0}.Release|ARM.ActiveCfg = Release|Any CPU
		{D50D843F-DE1C-4B12-AFA1-F6923E405DD0}.Release|ARM.Build.0 = Release|Any CPU
		{D50D843F-DE1C-4B12-AFA1-F6923E405DD0}.Release|x64.ActiveCfg = Release|x64
		{D50D843F-DE1C-4B12-AFA1-F6923E405DD0}.Release|x64.Build.0 = Release|x64
		{D50D843F-DE1C-4B12-AFA1-F6923E405DD0}.Release|x86.ActiveCfg = Release|x86
		{D50D843F-DE1C-4B12-AFA1-F6923E405DD0}.Release|x86.Build.0 = Release|x86
		{D50D843F-DE1C-4B12-AFA1-F6923E405DD0}.ReleaseAOT|Any CPU.ActiveCfg = Release|Any CPU
		{D50D843F-DE1C-4B12-AFA1-F6923E405DD0}.ReleaseAOT|Any CPU.Build.0 = Release|Any CPU
		{D50D843F-DE1C-4B12-AFA1-F6923E405DD0}.ReleaseAOT|ARM.ActiveCfg = Release|Any CPU
		{D50D843F-DE1C-4B12-AFA1-F6923E405DD0}.ReleaseAOT|ARM.Build.0 = Release|Any CPU
		{D50D843F-DE1C-4B12-AFA1-F6923E405DD0}.ReleaseAOT|x64.ActiveCfg = Release|x64
		{D50D843F-DE1C-4B12-AFA1-F6923E405DD0}.ReleaseAOT|x64.Build.0 = Release|x64
		{D50D843F-DE1C-4B12-AFA1-F6923E405DD0}.ReleaseAOT|x86.ActiveCfg = Release|x86
		{D50D843F-DE1C-4B12-AFA1-F6923E405DD0}.ReleaseAOT|x86.Build.0 = Release|x86
		{A2A06B38-E935-4B8E-A208-30D07AD28C8F}.Debug|Any CPU.ActiveCfg = Debug|Any CPU
		{A2A06B38-E935-4B8E-A208-30D07AD28C8F}.Debug|Any CPU.Build.0 = Debug|Any CPU
		{A2A06B38-E935-4B8E-A208-30D07AD28C8F}.Debug|ARM.ActiveCfg = Debug|Any CPU
		{A2A06B38-E935-4B8E-A208-30D07AD28C8F}.Debug|ARM.Build.0 = Debug|Any CPU
		{A2A06B38-E935-4B8E-A208-30D07AD28C8F}.Debug|x64.ActiveCfg = Debug|x64
		{A2A06B38-E935-4B8E-A208-30D07AD28C8F}.Debug|x64.Build.0 = Debug|x64
		{A2A06B38-E935-4B8E-A208-30D07AD28C8F}.Debug|x86.ActiveCfg = Debug|x86
		{A2A06B38-E935-4B8E-A208-30D07AD28C8F}.Debug|x86.Build.0 = Debug|x86
		{A2A06B38-E935-4B8E-A208-30D07AD28C8F}.DebugAOT|Any CPU.ActiveCfg = Debug|Any CPU
		{A2A06B38-E935-4B8E-A208-30D07AD28C8F}.DebugAOT|Any CPU.Build.0 = Debug|Any CPU
		{A2A06B38-E935-4B8E-A208-30D07AD28C8F}.DebugAOT|ARM.ActiveCfg = Debug|Any CPU
		{A2A06B38-E935-4B8E-A208-30D07AD28C8F}.DebugAOT|ARM.Build.0 = Debug|Any CPU
		{A2A06B38-E935-4B8E-A208-30D07AD28C8F}.DebugAOT|x64.ActiveCfg = Debug|x64
		{A2A06B38-E935-4B8E-A208-30D07AD28C8F}.DebugAOT|x64.Build.0 = Debug|x64
		{A2A06B38-E935-4B8E-A208-30D07AD28C8F}.DebugAOT|x86.ActiveCfg = Debug|x86
		{A2A06B38-E935-4B8E-A208-30D07AD28C8F}.DebugAOT|x86.Build.0 = Debug|x86
		{A2A06B38-E935-4B8E-A208-30D07AD28C8F}.Release|Any CPU.ActiveCfg = Release|Any CPU
		{A2A06B38-E935-4B8E-A208-30D07AD28C8F}.Release|Any CPU.Build.0 = Release|Any CPU
		{A2A06B38-E935-4B8E-A208-30D07AD28C8F}.Release|ARM.ActiveCfg = Release|Any CPU
		{A2A06B38-E935-4B8E-A208-30D07AD28C8F}.Release|ARM.Build.0 = Release|Any CPU
		{A2A06B38-E935-4B8E-A208-30D07AD28C8F}.Release|x64.ActiveCfg = Release|x64
		{A2A06B38-E935-4B8E-A208-30D07AD28C8F}.Release|x64.Build.0 = Release|x64
		{A2A06B38-E935-4B8E-A208-30D07AD28C8F}.Release|x86.ActiveCfg = Release|x86
		{A2A06B38-E935-4B8E-A208-30D07AD28C8F}.Release|x86.Build.0 = Release|x86
		{A2A06B38-E935-4B8E-A208-30D07AD28C8F}.ReleaseAOT|Any CPU.ActiveCfg = Release|Any CPU
		{A2A06B38-E935-4B8E-A208-30D07AD28C8F}.ReleaseAOT|Any CPU.Build.0 = Release|Any CPU
		{A2A06B38-E935-4B8E-A208-30D07AD28C8F}.ReleaseAOT|ARM.ActiveCfg = Release|Any CPU
		{A2A06B38-E935-4B8E-A208-30D07AD28C8F}.ReleaseAOT|ARM.Build.0 = Release|Any CPU
		{A2A06B38-E935-4B8E-A208-30D07AD28C8F}.ReleaseAOT|x64.ActiveCfg = Release|x64
		{A2A06B38-E935-4B8E-A208-30D07AD28C8F}.ReleaseAOT|x64.Build.0 = Release|x64
		{A2A06B38-E935-4B8E-A208-30D07AD28C8F}.ReleaseAOT|x86.ActiveCfg = Release|x86
		{A2A06B38-E935-4B8E-A208-30D07AD28C8F}.ReleaseAOT|x86.Build.0 = Release|x86
		{2C6C274A-11FE-4E51-975B-32B01A89E787}.Debug|Any CPU.ActiveCfg = Debug|Any CPU
		{2C6C274A-11FE-4E51-975B-32B01A89E787}.Debug|Any CPU.Build.0 = Debug|Any CPU
		{2C6C274A-11FE-4E51-975B-32B01A89E787}.Debug|ARM.ActiveCfg = Debug|Any CPU
		{2C6C274A-11FE-4E51-975B-32B01A89E787}.Debug|ARM.Build.0 = Debug|Any CPU
		{2C6C274A-11FE-4E51-975B-32B01A89E787}.Debug|x64.ActiveCfg = Debug|x64
		{2C6C274A-11FE-4E51-975B-32B01A89E787}.Debug|x64.Build.0 = Debug|x64
		{2C6C274A-11FE-4E51-975B-32B01A89E787}.Debug|x86.ActiveCfg = Debug|Any CPU
		{2C6C274A-11FE-4E51-975B-32B01A89E787}.Debug|x86.Build.0 = Debug|Any CPU
		{2C6C274A-11FE-4E51-975B-32B01A89E787}.DebugAOT|Any CPU.ActiveCfg = Debug|Any CPU
		{2C6C274A-11FE-4E51-975B-32B01A89E787}.DebugAOT|Any CPU.Build.0 = Debug|Any CPU
		{2C6C274A-11FE-4E51-975B-32B01A89E787}.DebugAOT|ARM.ActiveCfg = Debug|Any CPU
		{2C6C274A-11FE-4E51-975B-32B01A89E787}.DebugAOT|ARM.Build.0 = Debug|Any CPU
		{2C6C274A-11FE-4E51-975B-32B01A89E787}.DebugAOT|x64.ActiveCfg = Debug|x64
		{2C6C274A-11FE-4E51-975B-32B01A89E787}.DebugAOT|x64.Build.0 = Debug|x64
		{2C6C274A-11FE-4E51-975B-32B01A89E787}.DebugAOT|x86.ActiveCfg = Debug|Any CPU
		{2C6C274A-11FE-4E51-975B-32B01A89E787}.DebugAOT|x86.Build.0 = Debug|Any CPU
		{2C6C274A-11FE-4E51-975B-32B01A89E787}.Release|Any CPU.ActiveCfg = Release|Any CPU
		{2C6C274A-11FE-4E51-975B-32B01A89E787}.Release|Any CPU.Build.0 = Release|Any CPU
		{2C6C274A-11FE-4E51-975B-32B01A89E787}.Release|ARM.ActiveCfg = Release|Any CPU
		{2C6C274A-11FE-4E51-975B-32B01A89E787}.Release|ARM.Build.0 = Release|Any CPU
		{2C6C274A-11FE-4E51-975B-32B01A89E787}.Release|x64.ActiveCfg = Release|x64
		{2C6C274A-11FE-4E51-975B-32B01A89E787}.Release|x64.Build.0 = Release|x64
		{2C6C274A-11FE-4E51-975B-32B01A89E787}.Release|x86.ActiveCfg = Release|Any CPU
		{2C6C274A-11FE-4E51-975B-32B01A89E787}.Release|x86.Build.0 = Release|Any CPU
		{2C6C274A-11FE-4E51-975B-32B01A89E787}.ReleaseAOT|Any CPU.ActiveCfg = Release|Any CPU
		{2C6C274A-11FE-4E51-975B-32B01A89E787}.ReleaseAOT|Any CPU.Build.0 = Release|Any CPU
		{2C6C274A-11FE-4E51-975B-32B01A89E787}.ReleaseAOT|ARM.ActiveCfg = Release|Any CPU
		{2C6C274A-11FE-4E51-975B-32B01A89E787}.ReleaseAOT|ARM.Build.0 = Release|Any CPU
		{2C6C274A-11FE-4E51-975B-32B01A89E787}.ReleaseAOT|x64.ActiveCfg = Release|x64
		{2C6C274A-11FE-4E51-975B-32B01A89E787}.ReleaseAOT|x64.Build.0 = Release|x64
		{2C6C274A-11FE-4E51-975B-32B01A89E787}.ReleaseAOT|x86.ActiveCfg = Release|Any CPU
		{2C6C274A-11FE-4E51-975B-32B01A89E787}.ReleaseAOT|x86.Build.0 = Release|Any CPU
		{4F58D960-50F3-434F-B2B0-C9ED67151485}.Debug|Any CPU.ActiveCfg = Debug|Any CPU
		{4F58D960-50F3-434F-B2B0-C9ED67151485}.Debug|Any CPU.Build.0 = Debug|Any CPU
		{4F58D960-50F3-434F-B2B0-C9ED67151485}.Debug|ARM.ActiveCfg = Debug|Any CPU
		{4F58D960-50F3-434F-B2B0-C9ED67151485}.Debug|ARM.Build.0 = Debug|Any CPU
		{4F58D960-50F3-434F-B2B0-C9ED67151485}.Debug|x64.ActiveCfg = Debug|Any CPU
		{4F58D960-50F3-434F-B2B0-C9ED67151485}.Debug|x64.Build.0 = Debug|Any CPU
		{4F58D960-50F3-434F-B2B0-C9ED67151485}.Debug|x86.ActiveCfg = Debug|Any CPU
		{4F58D960-50F3-434F-B2B0-C9ED67151485}.Debug|x86.Build.0 = Debug|Any CPU
		{4F58D960-50F3-434F-B2B0-C9ED67151485}.DebugAOT|Any CPU.ActiveCfg = Debug|Any CPU
		{4F58D960-50F3-434F-B2B0-C9ED67151485}.DebugAOT|Any CPU.Build.0 = Debug|Any CPU
		{4F58D960-50F3-434F-B2B0-C9ED67151485}.DebugAOT|ARM.ActiveCfg = Debug|Any CPU
		{4F58D960-50F3-434F-B2B0-C9ED67151485}.DebugAOT|ARM.Build.0 = Debug|Any CPU
		{4F58D960-50F3-434F-B2B0-C9ED67151485}.DebugAOT|x64.ActiveCfg = Debug|Any CPU
		{4F58D960-50F3-434F-B2B0-C9ED67151485}.DebugAOT|x64.Build.0 = Debug|Any CPU
		{4F58D960-50F3-434F-B2B0-C9ED67151485}.DebugAOT|x86.ActiveCfg = Debug|Any CPU
		{4F58D960-50F3-434F-B2B0-C9ED67151485}.DebugAOT|x86.Build.0 = Debug|Any CPU
		{4F58D960-50F3-434F-B2B0-C9ED67151485}.Release|Any CPU.ActiveCfg = Release|Any CPU
		{4F58D960-50F3-434F-B2B0-C9ED67151485}.Release|Any CPU.Build.0 = Release|Any CPU
		{4F58D960-50F3-434F-B2B0-C9ED67151485}.Release|ARM.ActiveCfg = Release|Any CPU
		{4F58D960-50F3-434F-B2B0-C9ED67151485}.Release|ARM.Build.0 = Release|Any CPU
		{4F58D960-50F3-434F-B2B0-C9ED67151485}.Release|x64.ActiveCfg = Release|Any CPU
		{4F58D960-50F3-434F-B2B0-C9ED67151485}.Release|x64.Build.0 = Release|Any CPU
		{4F58D960-50F3-434F-B2B0-C9ED67151485}.Release|x86.ActiveCfg = Release|Any CPU
		{4F58D960-50F3-434F-B2B0-C9ED67151485}.Release|x86.Build.0 = Release|Any CPU
		{4F58D960-50F3-434F-B2B0-C9ED67151485}.ReleaseAOT|Any CPU.ActiveCfg = Release|Any CPU
		{4F58D960-50F3-434F-B2B0-C9ED67151485}.ReleaseAOT|Any CPU.Build.0 = Release|Any CPU
		{4F58D960-50F3-434F-B2B0-C9ED67151485}.ReleaseAOT|ARM.ActiveCfg = Release|Any CPU
		{4F58D960-50F3-434F-B2B0-C9ED67151485}.ReleaseAOT|ARM.Build.0 = Release|Any CPU
		{4F58D960-50F3-434F-B2B0-C9ED67151485}.ReleaseAOT|x64.ActiveCfg = Release|Any CPU
		{4F58D960-50F3-434F-B2B0-C9ED67151485}.ReleaseAOT|x64.Build.0 = Release|Any CPU
		{4F58D960-50F3-434F-B2B0-C9ED67151485}.ReleaseAOT|x86.ActiveCfg = Release|Any CPU
		{4F58D960-50F3-434F-B2B0-C9ED67151485}.ReleaseAOT|x86.Build.0 = Release|Any CPU
		{0C855993-C125-4924-8ACB-D0021AB44EE6}.Debug|Any CPU.ActiveCfg = Debug|Any CPU
		{0C855993-C125-4924-8ACB-D0021AB44EE6}.Debug|Any CPU.Build.0 = Debug|Any CPU
		{0C855993-C125-4924-8ACB-D0021AB44EE6}.Debug|ARM.ActiveCfg = Debug|Any CPU
		{0C855993-C125-4924-8ACB-D0021AB44EE6}.Debug|ARM.Build.0 = Debug|Any CPU
		{0C855993-C125-4924-8ACB-D0021AB44EE6}.Debug|x64.ActiveCfg = Debug|x64
		{0C855993-C125-4924-8ACB-D0021AB44EE6}.Debug|x64.Build.0 = Debug|x64
		{0C855993-C125-4924-8ACB-D0021AB44EE6}.Debug|x86.ActiveCfg = Debug|Any CPU
		{0C855993-C125-4924-8ACB-D0021AB44EE6}.Debug|x86.Build.0 = Debug|Any CPU
		{0C855993-C125-4924-8ACB-D0021AB44EE6}.DebugAOT|Any CPU.ActiveCfg = Debug|Any CPU
		{0C855993-C125-4924-8ACB-D0021AB44EE6}.DebugAOT|Any CPU.Build.0 = Debug|Any CPU
		{0C855993-C125-4924-8ACB-D0021AB44EE6}.DebugAOT|ARM.ActiveCfg = Debug|Any CPU
		{0C855993-C125-4924-8ACB-D0021AB44EE6}.DebugAOT|ARM.Build.0 = Debug|Any CPU
		{0C855993-C125-4924-8ACB-D0021AB44EE6}.DebugAOT|x64.ActiveCfg = Debug|x64
		{0C855993-C125-4924-8ACB-D0021AB44EE6}.DebugAOT|x64.Build.0 = Debug|x64
		{0C855993-C125-4924-8ACB-D0021AB44EE6}.DebugAOT|x86.ActiveCfg = Debug|Any CPU
		{0C855993-C125-4924-8ACB-D0021AB44EE6}.DebugAOT|x86.Build.0 = Debug|Any CPU
		{0C855993-C125-4924-8ACB-D0021AB44EE6}.Release|Any CPU.ActiveCfg = Release|Any CPU
		{0C855993-C125-4924-8ACB-D0021AB44EE6}.Release|Any CPU.Build.0 = Release|Any CPU
		{0C855993-C125-4924-8ACB-D0021AB44EE6}.Release|ARM.ActiveCfg = Release|Any CPU
		{0C855993-C125-4924-8ACB-D0021AB44EE6}.Release|ARM.Build.0 = Release|Any CPU
		{0C855993-C125-4924-8ACB-D0021AB44EE6}.Release|x64.ActiveCfg = Release|x64
		{0C855993-C125-4924-8ACB-D0021AB44EE6}.Release|x64.Build.0 = Release|x64
		{0C855993-C125-4924-8ACB-D0021AB44EE6}.Release|x86.ActiveCfg = Release|Any CPU
		{0C855993-C125-4924-8ACB-D0021AB44EE6}.Release|x86.Build.0 = Release|Any CPU
		{0C855993-C125-4924-8ACB-D0021AB44EE6}.ReleaseAOT|Any CPU.ActiveCfg = Release|Any CPU
		{0C855993-C125-4924-8ACB-D0021AB44EE6}.ReleaseAOT|Any CPU.Build.0 = Release|Any CPU
		{0C855993-C125-4924-8ACB-D0021AB44EE6}.ReleaseAOT|ARM.ActiveCfg = Release|Any CPU
		{0C855993-C125-4924-8ACB-D0021AB44EE6}.ReleaseAOT|ARM.Build.0 = Release|Any CPU
		{0C855993-C125-4924-8ACB-D0021AB44EE6}.ReleaseAOT|x64.ActiveCfg = Release|x64
		{0C855993-C125-4924-8ACB-D0021AB44EE6}.ReleaseAOT|x64.Build.0 = Release|x64
		{0C855993-C125-4924-8ACB-D0021AB44EE6}.ReleaseAOT|x86.ActiveCfg = Release|Any CPU
		{0C855993-C125-4924-8ACB-D0021AB44EE6}.ReleaseAOT|x86.Build.0 = Release|Any CPU
		{6598A7CD-8F27-4D3F-A675-5AE63113A7C3}.Debug|Any CPU.ActiveCfg = Debug|Any CPU
		{6598A7CD-8F27-4D3F-A675-5AE63113A7C3}.Debug|Any CPU.Build.0 = Debug|Any CPU
		{6598A7CD-8F27-4D3F-A675-5AE63113A7C3}.Debug|ARM.ActiveCfg = Debug|Any CPU
		{6598A7CD-8F27-4D3F-A675-5AE63113A7C3}.Debug|ARM.Build.0 = Debug|Any CPU
		{6598A7CD-8F27-4D3F-A675-5AE63113A7C3}.Debug|x64.ActiveCfg = Debug|x64
		{6598A7CD-8F27-4D3F-A675-5AE63113A7C3}.Debug|x64.Build.0 = Debug|x64
		{6598A7CD-8F27-4D3F-A675-5AE63113A7C3}.Debug|x86.ActiveCfg = Debug|Any CPU
		{6598A7CD-8F27-4D3F-A675-5AE63113A7C3}.Debug|x86.Build.0 = Debug|Any CPU
		{6598A7CD-8F27-4D3F-A675-5AE63113A7C3}.DebugAOT|Any CPU.ActiveCfg = DebugAOT|Any CPU
		{6598A7CD-8F27-4D3F-A675-5AE63113A7C3}.DebugAOT|Any CPU.Build.0 = DebugAOT|Any CPU
		{6598A7CD-8F27-4D3F-A675-5AE63113A7C3}.DebugAOT|ARM.ActiveCfg = DebugAOT|Any CPU
		{6598A7CD-8F27-4D3F-A675-5AE63113A7C3}.DebugAOT|ARM.Build.0 = DebugAOT|Any CPU
		{6598A7CD-8F27-4D3F-A675-5AE63113A7C3}.DebugAOT|x64.ActiveCfg = DebugAOT|x64
		{6598A7CD-8F27-4D3F-A675-5AE63113A7C3}.DebugAOT|x64.Build.0 = DebugAOT|x64
		{6598A7CD-8F27-4D3F-A675-5AE63113A7C3}.DebugAOT|x86.ActiveCfg = DebugAOT|Any CPU
		{6598A7CD-8F27-4D3F-A675-5AE63113A7C3}.DebugAOT|x86.Build.0 = DebugAOT|Any CPU
		{6598A7CD-8F27-4D3F-A675-5AE63113A7C3}.Release|Any CPU.ActiveCfg = Release|Any CPU
		{6598A7CD-8F27-4D3F-A675-5AE63113A7C3}.Release|Any CPU.Build.0 = Release|Any CPU
		{6598A7CD-8F27-4D3F-A675-5AE63113A7C3}.Release|ARM.ActiveCfg = Release|Any CPU
		{6598A7CD-8F27-4D3F-A675-5AE63113A7C3}.Release|ARM.Build.0 = Release|Any CPU
		{6598A7CD-8F27-4D3F-A675-5AE63113A7C3}.Release|x64.ActiveCfg = Release|x64
		{6598A7CD-8F27-4D3F-A675-5AE63113A7C3}.Release|x64.Build.0 = Release|x64
		{6598A7CD-8F27-4D3F-A675-5AE63113A7C3}.Release|x86.ActiveCfg = Release|Any CPU
		{6598A7CD-8F27-4D3F-A675-5AE63113A7C3}.Release|x86.Build.0 = Release|Any CPU
		{6598A7CD-8F27-4D3F-A675-5AE63113A7C3}.ReleaseAOT|Any CPU.ActiveCfg = ReleaseAOT|Any CPU
		{6598A7CD-8F27-4D3F-A675-5AE63113A7C3}.ReleaseAOT|Any CPU.Build.0 = ReleaseAOT|Any CPU
		{6598A7CD-8F27-4D3F-A675-5AE63113A7C3}.ReleaseAOT|ARM.ActiveCfg = ReleaseAOT|Any CPU
		{6598A7CD-8F27-4D3F-A675-5AE63113A7C3}.ReleaseAOT|ARM.Build.0 = ReleaseAOT|Any CPU
		{6598A7CD-8F27-4D3F-A675-5AE63113A7C3}.ReleaseAOT|x64.ActiveCfg = ReleaseAOT|x64
		{6598A7CD-8F27-4D3F-A675-5AE63113A7C3}.ReleaseAOT|x64.Build.0 = ReleaseAOT|x64
		{6598A7CD-8F27-4D3F-A675-5AE63113A7C3}.ReleaseAOT|x86.ActiveCfg = ReleaseAOT|Any CPU
		{6598A7CD-8F27-4D3F-A675-5AE63113A7C3}.ReleaseAOT|x86.Build.0 = ReleaseAOT|Any CPU
	EndGlobalSection
	GlobalSection(SolutionProperties) = preSolution
		HideSolutionNode = FALSE
	EndGlobalSection
EndGlobal
